// !$*UTF8*$!
{
	archiveVersion = 1;
	classes = {
	};
	objectVersion = 46;
	objects = {

/* Begin PBXBuildFile section */
		A365D3F71929A49000C3A8E8 /* Foundation.framework in Frameworks */ = {isa = PBXBuildFile; fileRef = A365D3F61929A49000C3A8E8 /* Foundation.framework */; };
		A365D3F91929A49000C3A8E8 /* CoreGraphics.framework in Frameworks */ = {isa = PBXBuildFile; fileRef = A365D3F81929A49000C3A8E8 /* CoreGraphics.framework */; };
		A365D3FB1929A49000C3A8E8 /* UIKit.framework in Frameworks */ = {isa = PBXBuildFile; fileRef = A365D3FA1929A49000C3A8E8 /* UIKit.framework */; };
		A365D4011929A49000C3A8E8 /* InfoPlist.strings in Resources */ = {isa = PBXBuildFile; fileRef = A365D3FF1929A49000C3A8E8 /* InfoPlist.strings */; };
		A365D4031929A49000C3A8E8 /* main.m in Sources */ = {isa = PBXBuildFile; fileRef = A365D4021929A49000C3A8E8 /* main.m */; };
		A365D4071929A49000C3A8E8 /* BEAppDelegate.m in Sources */ = {isa = PBXBuildFile; fileRef = A365D4061929A49000C3A8E8 /* BEAppDelegate.m */; };
		A365D40A1929A49000C3A8E8 /* Main.storyboard in Resources */ = {isa = PBXBuildFile; fileRef = A365D4081929A49000C3A8E8 /* Main.storyboard */; };
		A365D40D1929A49000C3A8E8 /* BEFirstViewController.m in Sources */ = {isa = PBXBuildFile; fileRef = A365D40C1929A49000C3A8E8 /* BEFirstViewController.m */; };
		A365D4101929A49000C3A8E8 /* BESecondViewController.m in Sources */ = {isa = PBXBuildFile; fileRef = A365D40F1929A49000C3A8E8 /* BESecondViewController.m */; };
		A365D4121929A49000C3A8E8 /* Images.xcassets in Resources */ = {isa = PBXBuildFile; fileRef = A365D4111929A49000C3A8E8 /* Images.xcassets */; };
		A365D4191929A49000C3A8E8 /* XCTest.framework in Frameworks */ = {isa = PBXBuildFile; fileRef = A365D4181929A49000C3A8E8 /* XCTest.framework */; };
		A365D41A1929A49000C3A8E8 /* Foundation.framework in Frameworks */ = {isa = PBXBuildFile; fileRef = A365D3F61929A49000C3A8E8 /* Foundation.framework */; };
		A365D41B1929A49000C3A8E8 /* UIKit.framework in Frameworks */ = {isa = PBXBuildFile; fileRef = A365D3FA1929A49000C3A8E8 /* UIKit.framework */; };
		A365D4231929A49000C3A8E8 /* InfoPlist.strings in Resources */ = {isa = PBXBuildFile; fileRef = A365D4211929A49000C3A8E8 /* InfoPlist.strings */; };
		A365D4251929A49000C3A8E8 /* Matched_UpTests.m in Sources */ = {isa = PBXBuildFile; fileRef = A365D4241929A49000C3A8E8 /* Matched_UpTests.m */; };
/* End PBXBuildFile section */

/* Begin PBXContainerItemProxy section */
		A365D41C1929A49000C3A8E8 /* PBXContainerItemProxy */ = {
			isa = PBXContainerItemProxy;
			containerPortal = A365D3EB1929A49000C3A8E8 /* Project object */;
			proxyType = 1;
			remoteGlobalIDString = A365D3F21929A49000C3A8E8;
			remoteInfo = "Matched Up";
		};
/* End PBXContainerItemProxy section */

/* Begin PBXFileReference section */
		A365D3F31929A49000C3A8E8 /* Matched Up.app */ = {isa = PBXFileReference; explicitFileType = wrapper.application; includeInIndex = 0; path = "Matched Up.app"; sourceTree = BUILT_PRODUCTS_DIR; };
		A365D3F61929A49000C3A8E8 /* Foundation.framework */ = {isa = PBXFileReference; lastKnownFileType = wrapper.framework; name = Foundation.framework; path = System/Library/Frameworks/Foundation.framework; sourceTree = SDKROOT; };
		A365D3F81929A49000C3A8E8 /* CoreGraphics.framework */ = {isa = PBXFileReference; lastKnownFileType = wrapper.framework; name = CoreGraphics.framework; path = System/Library/Frameworks/CoreGraphics.framework; sourceTree = SDKROOT; };
		A365D3FA1929A49000C3A8E8 /* UIKit.framework */ = {isa = PBXFileReference; lastKnownFileType = wrapper.framework; name = UIKit.framework; path = System/Library/Frameworks/UIKit.framework; sourceTree = SDKROOT; };
		A365D3FE1929A49000C3A8E8 /* Matched Up-Info.plist */ = {isa = PBXFileReference; lastKnownFileType = text.plist.xml; path = "Matched Up-Info.plist"; sourceTree = "<group>"; };
		A365D4001929A49000C3A8E8 /* en */ = {isa = PBXFileReference; lastKnownFileType = text.plist.strings; name = en; path = en.lproj/InfoPlist.strings; sourceTree = "<group>"; };
		A365D4021929A49000C3A8E8 /* main.m */ = {isa = PBXFileReference; lastKnownFileType = sourcecode.c.objc; path = main.m; sourceTree = "<group>"; };
		A365D4041929A49000C3A8E8 /* Matched Up-Prefix.pch */ = {isa = PBXFileReference; lastKnownFileType = sourcecode.c.h; path = "Matched Up-Prefix.pch"; sourceTree = "<group>"; };
		A365D4051929A49000C3A8E8 /* BEAppDelegate.h */ = {isa = PBXFileReference; lastKnownFileType = sourcecode.c.h; path = BEAppDelegate.h; sourceTree = "<group>"; };
		A365D4061929A49000C3A8E8 /* BEAppDelegate.m */ = {isa = PBXFileReference; lastKnownFileType = sourcecode.c.objc; path = BEAppDelegate.m; sourceTree = "<group>"; };
		A365D4091929A49000C3A8E8 /* Base */ = {isa = PBXFileReference; lastKnownFileType = file.storyboard; name = Base; path = Base.lproj/Main.storyboard; sourceTree = "<group>"; };
		A365D40B1929A49000C3A8E8 /* BEFirstViewController.h */ = {isa = PBXFileReference; lastKnownFileType = sourcecode.c.h; path = BEFirstViewController.h; sourceTree = "<group>"; };
		A365D40C1929A49000C3A8E8 /* BEFirstViewController.m */ = {isa = PBXFileReference; lastKnownFileType = sourcecode.c.objc; path = BEFirstViewController.m; sourceTree = "<group>"; };
		A365D40E1929A49000C3A8E8 /* BESecondViewController.h */ = {isa = PBXFileReference; lastKnownFileType = sourcecode.c.h; path = BESecondViewController.h; sourceTree = "<group>"; };
		A365D40F1929A49000C3A8E8 /* BESecondViewController.m */ = {isa = PBXFileReference; lastKnownFileType = sourcecode.c.objc; path = BESecondViewController.m; sourceTree = "<group>"; };
		A365D4111929A49000C3A8E8 /* Images.xcassets */ = {isa = PBXFileReference; lastKnownFileType = folder.assetcatalog; path = Images.xcassets; sourceTree = "<group>"; };
		A365D4171929A49000C3A8E8 /* Matched UpTests.xctest */ = {isa = PBXFileReference; explicitFileType = wrapper.cfbundle; includeInIndex = 0; path = "Matched UpTests.xctest"; sourceTree = BUILT_PRODUCTS_DIR; };
		A365D4181929A49000C3A8E8 /* XCTest.framework */ = {isa = PBXFileReference; lastKnownFileType = wrapper.framework; name = XCTest.framework; path = Library/Frameworks/XCTest.framework; sourceTree = DEVELOPER_DIR; };
		A365D4201929A49000C3A8E8 /* Matched UpTests-Info.plist */ = {isa = PBXFileReference; lastKnownFileType = text.plist.xml; path = "Matched UpTests-Info.plist"; sourceTree = "<group>"; };
		A365D4221929A49000C3A8E8 /* en */ = {isa = PBXFileReference; lastKnownFileType = text.plist.strings; name = en; path = en.lproj/InfoPlist.strings; sourceTree = "<group>"; };
		A365D4241929A49000C3A8E8 /* Matched_UpTests.m */ = {isa = PBXFileReference; lastKnownFileType = sourcecode.c.objc; path = Matched_UpTests.m; sourceTree = "<group>"; };
/* End PBXFileReference section */

/* Begin PBXFrameworksBuildPhase section */
		A365D3F01929A49000C3A8E8 /* Frameworks */ = {
			isa = PBXFrameworksBuildPhase;
			buildActionMask = 2147483647;
			files = (
				A365D3F91929A49000C3A8E8 /* CoreGraphics.framework in Frameworks */,
				A365D3FB1929A49000C3A8E8 /* UIKit.framework in Frameworks */,
				A365D3F71929A49000C3A8E8 /* Foundation.framework in Frameworks */,
			);
			runOnlyForDeploymentPostprocessing = 0;
		};
		A365D4141929A49000C3A8E8 /* Frameworks */ = {
			isa = PBXFrameworksBuildPhase;
			buildActionMask = 2147483647;
			files = (
				A365D4191929A49000C3A8E8 /* XCTest.framework in Frameworks */,
				A365D41B1929A49000C3A8E8 /* UIKit.framework in Frameworks */,
				A365D41A1929A49000C3A8E8 /* Foundation.framework in Frameworks */,
			);
			runOnlyForDeploymentPostprocessing = 0;
		};
/* End PBXFrameworksBuildPhase section */

/* Begin PBXGroup section */
		A365D3EA1929A49000C3A8E8 = {
			isa = PBXGroup;
			children = (
				A365D3FC1929A49000C3A8E8 /* Matched Up */,
				A365D41E1929A49000C3A8E8 /* Matched UpTests */,
				A365D3F51929A49000C3A8E8 /* Frameworks */,
				A365D3F41929A49000C3A8E8 /* Products */,
			);
			sourceTree = "<group>";
		};
		A365D3F41929A49000C3A8E8 /* Products */ = {
			isa = PBXGroup;
			children = (
				A365D3F31929A49000C3A8E8 /* Matched Up.app */,
				A365D4171929A49000C3A8E8 /* Matched UpTests.xctest */,
			);
			name = Products;
			sourceTree = "<group>";
		};
		A365D3F51929A49000C3A8E8 /* Frameworks */ = {
			isa = PBXGroup;
			children = (
				A365D3F61929A49000C3A8E8 /* Foundation.framework */,
				A365D3F81929A49000C3A8E8 /* CoreGraphics.framework */,
				A365D3FA1929A49000C3A8E8 /* UIKit.framework */,
				A365D4181929A49000C3A8E8 /* XCTest.framework */,
			);
			name = Frameworks;
			sourceTree = "<group>";
		};
		A365D3FC1929A49000C3A8E8 /* Matched Up */ = {
			isa = PBXGroup;
			children = (
				A365D4051929A49000C3A8E8 /* BEAppDelegate.h */,
				A365D4061929A49000C3A8E8 /* BEAppDelegate.m */,
				A365D4081929A49000C3A8E8 /* Main.storyboard */,
				A365D40B1929A49000C3A8E8 /* BEFirstViewController.h */,
				A365D40C1929A49000C3A8E8 /* BEFirstViewController.m */,
				A365D40E1929A49000C3A8E8 /* BESecondViewController.h */,
				A365D40F1929A49000C3A8E8 /* BESecondViewController.m */,
				A365D4111929A49000C3A8E8 /* Images.xcassets */,
				A365D3FD1929A49000C3A8E8 /* Supporting Files */,
			);
			path = "Matched Up";
			sourceTree = "<group>";
		};
		A365D3FD1929A49000C3A8E8 /* Supporting Files */ = {
			isa = PBXGroup;
			children = (
				A365D3FE1929A49000C3A8E8 /* Matched Up-Info.plist */,
				A365D3FF1929A49000C3A8E8 /* InfoPlist.strings */,
				A365D4021929A49000C3A8E8 /* main.m */,
				A365D4041929A49000C3A8E8 /* Matched Up-Prefix.pch */,
			);
			name = "Supporting Files";
			sourceTree = "<group>";
		};
		A365D41E1929A49000C3A8E8 /* Matched UpTests */ = {
			isa = PBXGroup;
			children = (
				A365D4241929A49000C3A8E8 /* Matched_UpTests.m */,
				A365D41F1929A49000C3A8E8 /* Supporting Files */,
			);
			path = "Matched UpTests";
			sourceTree = "<group>";
		};
		A365D41F1929A49000C3A8E8 /* Supporting Files */ = {
			isa = PBXGroup;
			children = (
				A365D4201929A49000C3A8E8 /* Matched UpTests-Info.plist */,
				A365D4211929A49000C3A8E8 /* InfoPlist.strings */,
			);
			name = "Supporting Files";
			sourceTree = "<group>";
		};
/* End PBXGroup section */

/* Begin PBXNativeTarget section */
		A365D3F21929A49000C3A8E8 /* Matched Up */ = {
			isa = PBXNativeTarget;
			buildConfigurationList = A365D4281929A49000C3A8E8 /* Build configuration list for PBXNativeTarget "Matched Up" */;
			buildPhases = (
				A365D3EF1929A49000C3A8E8 /* Sources */,
				A365D3F01929A49000C3A8E8 /* Frameworks */,
				A365D3F11929A49000C3A8E8 /* Resources */,
			);
			buildRules = (
			);
			dependencies = (
			);
			name = "Matched Up";
			productName = "Matched Up";
			productReference = A365D3F31929A49000C3A8E8 /* Matched Up.app */;
			productType = "com.apple.product-type.application";
		};
		A365D4161929A49000C3A8E8 /* Matched UpTests */ = {
			isa = PBXNativeTarget;
			buildConfigurationList = A365D42B1929A49000C3A8E8 /* Build configuration list for PBXNativeTarget "Matched UpTests" */;
			buildPhases = (
				A365D4131929A49000C3A8E8 /* Sources */,
				A365D4141929A49000C3A8E8 /* Frameworks */,
				A365D4151929A49000C3A8E8 /* Resources */,
			);
			buildRules = (
			);
			dependencies = (
				A365D41D1929A49000C3A8E8 /* PBXTargetDependency */,
			);
			name = "Matched UpTests";
			productName = "Matched UpTests";
			productReference = A365D4171929A49000C3A8E8 /* Matched UpTests.xctest */;
			productType = "com.apple.product-type.bundle.unit-test";
		};
/* End PBXNativeTarget section */

/* Begin PBXProject section */
		A365D3EB1929A49000C3A8E8 /* Project object */ = {
			isa = PBXProject;
			attributes = {
				CLASSPREFIX = BE;
				LastUpgradeCheck = 0510;
				ORGANIZATIONNAME = "BE Dev";
				TargetAttributes = {
					A365D4161929A49000C3A8E8 = {
						TestTargetID = A365D3F21929A49000C3A8E8;
					};
				};
			};
			buildConfigurationList = A365D3EE1929A49000C3A8E8 /* Build configuration list for PBXProject "Matched Up" */;
			compatibilityVersion = "Xcode 3.2";
			developmentRegion = English;
			hasScannedForEncodings = 0;
			knownRegions = (
				en,
				Base,
			);
			mainGroup = A365D3EA1929A49000C3A8E8;
			productRefGroup = A365D3F41929A49000C3A8E8 /* Products */;
			projectDirPath = "";
			projectRoot = "";
			targets = (
				A365D3F21929A49000C3A8E8 /* Matched Up */,
				A365D4161929A49000C3A8E8 /* Matched UpTests */,
			);
		};
/* End PBXProject section */

/* Begin PBXResourcesBuildPhase section */
		A365D3F11929A49000C3A8E8 /* Resources */ = {
			isa = PBXResourcesBuildPhase;
			buildActionMask = 2147483647;
			files = (
				A365D4121929A49000C3A8E8 /* Images.xcassets in Resources */,
				A365D4011929A49000C3A8E8 /* InfoPlist.strings in Resources */,
				A365D40A1929A49000C3A8E8 /* Main.storyboard in Resources */,
			);
			runOnlyForDeploymentPostprocessing = 0;
		};
		A365D4151929A49000C3A8E8 /* Resources */ = {
			isa = PBXResourcesBuildPhase;
			buildActionMask = 2147483647;
			files = (
				A365D4231929A49000C3A8E8 /* InfoPlist.strings in Resources */,
			);
			runOnlyForDeploymentPostprocessing = 0;
		};
/* End PBXResourcesBuildPhase section */

/* Begin PBXSourcesBuildPhase section */
		A365D3EF1929A49000C3A8E8 /* Sources */ = {
			isa = PBXSourcesBuildPhase;
			buildActionMask = 2147483647;
			files = (
				A365D4031929A49000C3A8E8 /* main.m in Sources */,
				A365D4101929A49000C3A8E8 /* BESecondViewController.m in Sources */,
				A365D4071929A49000C3A8E8 /* BEAppDelegate.m in Sources */,
				A365D40D1929A49000C3A8E8 /* BEFirstViewController.m in Sources */,
			);
			runOnlyForDeploymentPostprocessing = 0;
		};
		A365D4131929A49000C3A8E8 /* Sources */ = {
			isa = PBXSourcesBuildPhase;
			buildActionMask = 2147483647;
			files = (
				A365D4251929A49000C3A8E8 /* Matched_UpTests.m in Sources */,
			);
			runOnlyForDeploymentPostprocessing = 0;
		};
/* End PBXSourcesBuildPhase section */

/* Begin PBXTargetDependency section */
		A365D41D1929A49000C3A8E8 /* PBXTargetDependency */ = {
			isa = PBXTargetDependency;
			target = A365D3F21929A49000C3A8E8 /* Matched Up */;
			targetProxy = A365D41C1929A49000C3A8E8 /* PBXContainerItemProxy */;
		};
/* End PBXTargetDependency section */

/* Begin PBXVariantGroup section */
		A365D3FF1929A49000C3A8E8 /* InfoPlist.strings */ = {
			isa = PBXVariantGroup;
			children = (
				A365D4001929A49000C3A8E8 /* en */,
			);
			name = InfoPlist.strings;
			sourceTree = "<group>";
		};
		A365D4081929A49000C3A8E8 /* Main.storyboard */ = {
			isa = PBXVariantGroup;
			children = (
				A365D4091929A49000C3A8E8 /* Base */,
			);
			name = Main.storyboard;
			sourceTree = "<group>";
		};
		A365D4211929A49000C3A8E8 /* InfoPlist.strings */ = {
			isa = PBXVariantGroup;
			children = (
				A365D4221929A49000C3A8E8 /* en */,
			);
			name = InfoPlist.strings;
			sourceTree = "<group>";
		};
/* End PBXVariantGroup section */

/* Begin XCBuildConfiguration section */
		A365D4261929A49000C3A8E8 /* Debug */ = {
			isa = XCBuildConfiguration;
			buildSettings = {
				ALWAYS_SEARCH_USER_PATHS = NO;
				CLANG_CXX_LANGUAGE_STANDARD = "gnu++0x";
				CLANG_CXX_LIBRARY = "libc++";
				CLANG_ENABLE_MODULES = YES;
				CLANG_ENABLE_OBJC_ARC = YES;
				CLANG_WARN_BOOL_CONVERSION = YES;
				CLANG_WARN_CONSTANT_CONVERSION = YES;
				CLANG_WARN_DIRECT_OBJC_ISA_USAGE = YES_ERROR;
				CLANG_WARN_EMPTY_BODY = YES;
				CLANG_WARN_ENUM_CONVERSION = YES;
				CLANG_WARN_INT_CONVERSION = YES;
				CLANG_WARN_OBJC_ROOT_CLASS = YES_ERROR;
				CLANG_WARN__DUPLICATE_METHOD_MATCH = YES;
				"CODE_SIGN_IDENTITY[sdk=iphoneos*]" = "iPhone Developer";
				COPY_PHASE_STRIP = NO;
				GCC_C_LANGUAGE_STANDARD = gnu99;
				GCC_DYNAMIC_NO_PIC = NO;
				GCC_OPTIMIZATION_LEVEL = 0;
				GCC_PREPROCESSOR_DEFINITIONS = (
					"DEBUG=1",
					"$(inherited)",
				);
				GCC_SYMBOLS_PRIVATE_EXTERN = NO;
				GCC_WARN_64_TO_32_BIT_CONVERSION = YES;
				GCC_WARN_ABOUT_RETURN_TYPE = YES_ERROR;
				GCC_WARN_UNDECLARED_SELECTOR = YES;
				GCC_WARN_UNINITIALIZED_AUTOS = YES_AGGRESSIVE;
				GCC_WARN_UNUSED_FUNCTION = YES;
				GCC_WARN_UNUSED_VARIABLE = YES;
				IPHONEOS_DEPLOYMENT_TARGET = 7.1;
				ONLY_ACTIVE_ARCH = YES;
				SDKROOT = iphoneos;
			};
			name = Debug;
		};
		A365D4271929A49000C3A8E8 /* Release */ = {
			isa = XCBuildConfiguration;
			buildSettings = {
				ALWAYS_SEARCH_USER_PATHS = NO;
				CLANG_CXX_LANGUAGE_STANDARD = "gnu++0x";
				CLANG_CXX_LIBRARY = "libc++";
				CLANG_ENABLE_MODULES = YES;
				CLANG_ENABLE_OBJC_ARC = YES;
				CLANG_WARN_BOOL_CONVERSION = YES;
				CLANG_WARN_CONSTANT_CONVERSION = YES;
				CLANG_WARN_DIRECT_OBJC_ISA_USAGE = YES_ERROR;
				CLANG_WARN_EMPTY_BODY = YES;
				CLANG_WARN_ENUM_CONVERSION = YES;
				CLANG_WARN_INT_CONVERSION = YES;
				CLANG_WARN_OBJC_ROOT_CLASS = YES_ERROR;
				CLANG_WARN__DUPLICATE_METHOD_MATCH = YES;
				"CODE_SIGN_IDENTITY[sdk=iphoneos*]" = "iPhone Developer";
				COPY_PHASE_STRIP = YES;
				ENABLE_NS_ASSERTIONS = NO;
				GCC_C_LANGUAGE_STANDARD = gnu99;
				GCC_WARN_64_TO_32_BIT_CONVERSION = YES;
				GCC_WARN_ABOUT_RETURN_TYPE = YES_ERROR;
				GCC_WARN_UNDECLARED_SELECTOR = YES;
				GCC_WARN_UNINITIALIZED_AUTOS = YES_AGGRESSIVE;
				GCC_WARN_UNUSED_FUNCTION = YES;
				GCC_WARN_UNUSED_VARIABLE = YES;
				IPHONEOS_DEPLOYMENT_TARGET = 7.1;
				SDKROOT = iphoneos;
				VALIDATE_PRODUCT = YES;
			};
			name = Release;
		};
		A365D4291929A49000C3A8E8 /* Debug */ = {
			isa = XCBuildConfiguration;
			buildSettings = {
				ASSETCATALOG_COMPILER_APPICON_NAME = AppIcon;
				ASSETCATALOG_COMPILER_LAUNCHIMAGE_NAME = LaunchImage;
				GCC_PRECOMPILE_PREFIX_HEADER = YES;
				GCC_PREFIX_HEADER = "Matched Up/Matched Up-Prefix.pch";
				INFOPLIST_FILE = "Matched Up/Matched Up-Info.plist";
				PRODUCT_NAME = "$(TARGET_NAME)";
				WRAPPER_EXTENSION = app;
			};
			name = Debug;
		};
		A365D42A1929A49000C3A8E8 /* Release */ = {
			isa = XCBuildConfiguration;
			buildSettings = {
				ASSETCATALOG_COMPILER_APPICON_NAME = AppIcon;
				ASSETCATALOG_COMPILER_LAUNCHIMAGE_NAME = LaunchImage;
				GCC_PRECOMPILE_PREFIX_HEADER = YES;
				GCC_PREFIX_HEADER = "Matched Up/Matched Up-Prefix.pch";
				INFOPLIST_FILE = "Matched Up/Matched Up-Info.plist";
				PRODUCT_NAME = "$(TARGET_NAME)";
				WRAPPER_EXTENSION = app;
			};
			name = Release;
		};
		A365D42C1929A49000C3A8E8 /* Debug */ = {
			isa = XCBuildConfiguration;
			buildSettings = {
				BUNDLE_LOADER = "$(BUILT_PRODUCTS_DIR)/Matched Up.app/Matched Up";
				FRAMEWORK_SEARCH_PATHS = (
					"$(SDKROOT)/Developer/Library/Frameworks",
					"$(inherited)",
					"$(DEVELOPER_FRAMEWORKS_DIR)",
				);
				GCC_PRECOMPILE_PREFIX_HEADER = YES;
				GCC_PREFIX_HEADER = "Matched Up/Matched Up-Prefix.pch";
				GCC_PREPROCESSOR_DEFINITIONS = (
					"DEBUG=1",
					"$(inherited)",
				);
				INFOPLIST_FILE = "Matched UpTests/Matched UpTests-Info.plist";
				PRODUCT_NAME = "$(TARGET_NAME)";
				TEST_HOST = "$(BUNDLE_LOADER)";
				WRAPPER_EXTENSION = xctest;
			};
			name = Debug;
		};
		A365D42D1929A49000C3A8E8 /* Release */ = {
			isa = XCBuildConfiguration;
			buildSettings = {
				BUNDLE_LOADER = "$(BUILT_PRODUCTS_DIR)/Matched Up.app/Matched Up";
				FRAMEWORK_SEARCH_PATHS = (
					"$(SDKROOT)/Developer/Library/Frameworks",
					"$(inherited)",
					"$(DEVELOPER_FRAMEWORKS_DIR)",
				);
				GCC_PRECOMPILE_PREFIX_HEADER = YES;
				GCC_PREFIX_HEADER = "Matched Up/Matched Up-Prefix.pch";
				INFOPLIST_FILE = "Matched UpTests/Matched UpTests-Info.plist";
				PRODUCT_NAME = "$(TARGET_NAME)";
				TEST_HOST = "$(BUNDLE_LOADER)";
				WRAPPER_EXTENSION = xctest;
			};
			name = Release;
		};
/* End XCBuildConfiguration section */

/* Begin XCConfigurationList section */
		A365D3EE1929A49000C3A8E8 /* Build configuration list for PBXProject "Matched Up" */ = {
			isa = XCConfigurationList;
			buildConfigurations = (
				A365D4261929A49000C3A8E8 /* Debug */,
				A365D4271929A49000C3A8E8 /* Release */,
			);
			defaultConfigurationIsVisible = 0;
			defaultConfigurationName = Release;
		};
		A365D4281929A49000C3A8E8 /* Build configuration list for PBXNativeTarget "Matched Up" */ = {
			isa = XCConfigurationList;
			buildConfigurations = (
				A365D4291929A49000C3A8E8 /* Debug */,
				A365D42A1929A49000C3A8E8 /* Release */,
			);
			defaultConfigurationIsVisible = 0;
		};
		A365D42B1929A49000C3A8E8 /* Build configuration list for PBXNativeTarget "Matched UpTests" */ = {
			isa = XCConfigurationList;
			buildConfigurations = (
				A365D42C1929A49000C3A8E8 /* Debug */,
				A365D42D1929A49000C3A8E8 /* Release */,
			);
			defaultConfigurationIsVisible = 0;
		};
/* End XCConfigurationList section */
	};
	rootObject = A365D3EB1929A49000C3A8E8 /* Project object */;
}
